{
  "originHash" : "75e387267283f0359a414c12f86d89eff6322b8f5559bd59449dc0c6f850cc45",
  "pins" : [
    {
      "identity" : "swift-syntax",
      "kind" : "remoteSourceControl",
      "location" : "https://github.com/apple/swift-syntax.git",
      "state" : {
        "revision" : "4c6cc0a3b9e8f14b3ae2307c5ccae4de6167ac2c",
        "version" : "600.0.0-prerelease-2024-06-12"
      }
    },
    {
      "identity" : "swift-testing",
      "kind" : "remoteSourceControl",
      "location" : "https://github.com/apple/swift-testing.git",
      "state" : {
        "revision" : "69d59cfc76e5daf498ca61f5af409f594768eef9",
        "version" : "0.10.0"
      }
    }
  ],
  "version" : 3
}
